
Microsoft Visual Studio Solution File, Format Version 12.00
# Visual Studio 15
VisualStudioVersion = 15.0.26730.16
MinimumVisualStudioVersion = 10.0.40219.1
Project("{8BC9CEB8-8B4A-11D0-8D11-00A0C91BC942}") = "队列", "队列\队列.vcxproj", "{6FF2BBA6-7313-47A1-8018-ABE8470C724B}"
EndProject
Project("{8BC9CEB8-8B4A-11D0-8D11-00A0C91BC942}") = "实验二 栈", "实验二 栈\实验二 栈.vcxproj", "{6600D171-683A-429B-ABD5-9E0975E19669}"
EndProject
Project("{8BC9CEB8-8B4A-11D0-8D11-00A0C91BC942}") = "实验四 树操作", "实验四 树操作\实验四 树操作.vcxproj", "{907D90A7-D3B7-47EA-90B3-83EC521885A0}"
EndProject
Project("{8BC9CEB8-8B4A-11D0-8D11-00A0C91BC942}") = "顺序表", "顺序表\顺序表.vcxproj", "{4B2456A6-8042-4793-841C-E51916631B37}"
EndProject
Project("{8BC9CEB8-8B4A-11D0-8D11-00A0C91BC942}") = "矩阵", "矩阵\矩阵.vcxproj", "{380F57E2-3344-45BF-A04D-8DFBAF0EE41F}"
EndProject
Project("{8BC9CEB8-8B4A-11D0-8D11-00A0C91BC942}") = "图操作1", "图操作1\图操作1.vcxproj", "{7CC2D73A-B9AA-4DEF-B33B-95E02C9877A3}"
EndProject
Project("{8BC9CEB8-8B4A-11D0-8D11-00A0C91BC942}") = "图操作2", "图操作2\图操作2.vcxproj", "{A67572FC-66CF-42B0-9E57-F6B12FB33428}"
EndProject
Project("{8BC9CEB8-8B4A-11D0-8D11-00A0C91BC942}") = "实验七 查找", "实验七 查找\实验七 查找.vcxproj", "{8E2CD589-1DF5-41F0-A6A8-6E5E91452F53}"
EndProject
Global
	GlobalSection(SolutionConfigurationPlatforms) = preSolution
		Debug|x64 = Debug|x64
		Debug|x86 = Debug|x86
		Release|x64 = Release|x64
		Release|x86 = Release|x86
	EndGlobalSection
	GlobalSection(ProjectConfigurationPlatforms) = postSolution
		{6FF2BBA6-7313-47A1-8018-ABE8470C724B}.Debug|x64.ActiveCfg = Debug|x64
		{6FF2BBA6-7313-47A1-8018-ABE8470C724B}.Debug|x64.Build.0 = Debug|x64
		{6FF2BBA6-7313-47A1-8018-ABE8470C724B}.Debug|x86.ActiveCfg = Debug|Win32
		{6FF2BBA6-7313-47A1-8018-ABE8470C724B}.Debug|x86.Build.0 = Debug|Win32
		{6FF2BBA6-7313-47A1-8018-ABE8470C724B}.Release|x64.ActiveCfg = Release|x64
		{6FF2BBA6-7313-47A1-8018-ABE8470C724B}.Release|x64.Build.0 = Release|x64
		{6FF2BBA6-7313-47A1-8018-ABE8470C724B}.Release|x86.ActiveCfg = Release|Win32
		{6FF2BBA6-7313-47A1-8018-ABE8470C724B}.Release|x86.Build.0 = Release|Win32
		{6600D171-683A-429B-ABD5-9E0975E19669}.Debug|x64.ActiveCfg = Debug|x64
		{6600D171-683A-429B-ABD5-9E0975E19669}.Debug|x64.Build.0 = Debug|x64
		{6600D171-683A-429B-ABD5-9E0975E19669}.Debug|x86.ActiveCfg = Debug|Win32
		{6600D171-683A-429B-ABD5-9E0975E19669}.Debug|x86.Build.0 = Debug|Win32
		{6600D171-683A-429B-ABD5-9E0975E19669}.Release|x64.ActiveCfg = Release|x64
		{6600D171-683A-429B-ABD5-9E0975E19669}.Release|x64.Build.0 = Release|x64
		{6600D171-683A-429B-ABD5-9E0975E19669}.Release|x86.ActiveCfg = Release|Win32
		{6600D171-683A-429B-ABD5-9E0975E19669}.Release|x86.Build.0 = Release|Win32
		{907D90A7-D3B7-47EA-90B3-83EC521885A0}.Debug|x64.ActiveCfg = Debug|x64
		{907D90A7-D3B7-47EA-90B3-83EC521885A0}.Debug|x64.Build.0 = Debug|x64
		{907D90A7-D3B7-47EA-90B3-83EC521885A0}.Debug|x86.ActiveCfg = Debug|Win32
		{907D90A7-D3B7-47EA-90B3-83EC521885A0}.Debug|x86.Build.0 = Debug|Win32
		{907D90A7-D3B7-47EA-90B3-83EC521885A0}.Release|x64.ActiveCfg = Release|x64
		{907D90A7-D3B7-47EA-90B3-83EC521885A0}.Release|x64.Build.0 = Release|x64
		{907D90A7-D3B7-47EA-90B3-83EC521885A0}.Release|x86.ActiveCfg = Release|Win32
		{907D90A7-D3B7-47EA-90B3-83EC521885A0}.Release|x86.Build.0 = Release|Win32
		{4B2456A6-8042-4793-841C-E51916631B37}.Debug|x64.ActiveCfg = Debug|x64
		{4B2456A6-8042-4793-841C-E51916631B37}.Debug|x64.Build.0 = Debug|x64
		{4B2456A6-8042-4793-841C-E51916631B37}.Debug|x86.ActiveCfg = Debug|Win32
		{4B2456A6-8042-4793-841C-E51916631B37}.Debug|x86.Build.0 = Debug|Win32
		{4B2456A6-8042-4793-841C-E51916631B37}.Release|x64.ActiveCfg = Release|x64
		{4B2456A6-8042-4793-841C-E51916631B37}.Release|x64.Build.0 = Release|x64
		{4B2456A6-8042-4793-841C-E51916631B37}.Release|x86.ActiveCfg = Release|Win32
		{4B2456A6-8042-4793-841C-E51916631B37}.Release|x86.Build.0 = Release|Win32
		{380F57E2-3344-45BF-A04D-8DFBAF0EE41F}.Debug|x64.ActiveCfg = Debug|x64
		{380F57E2-3344-45BF-A04D-8DFBAF0EE41F}.Debug|x64.Build.0 = Debug|x64
		{380F57E2-3344-45BF-A04D-8DFBAF0EE41F}.Debug|x86.ActiveCfg = Debug|Win32
		{380F57E2-3344-45BF-A04D-8DFBAF0EE41F}.Debug|x86.Build.0 = Debug|Win32
		{380F57E2-3344-45BF-A04D-8DFBAF0EE41F}.Release|x64.ActiveCfg = Release|x64
		{380F57E2-3344-45BF-A04D-8DFBAF0EE41F}.Release|x64.Build.0 = Release|x64
		{380F57E2-3344-45BF-A04D-8DFBAF0EE41F}.Release|x86.ActiveCfg = Release|Win32
		{380F57E2-3344-45BF-A04D-8DFBAF0EE41F}.Release|x86.Build.0 = Release|Win32
		{7CC2D73A-B9AA-4DEF-B33B-95E02C9877A3}.Debug|x64.ActiveCfg = Debug|x64
		{7CC2D73A-B9AA-4DEF-B33B-95E02C9877A3}.Debug|x64.Build.0 = Debug|x64
		{7CC2D73A-B9AA-4DEF-B33B-95E02C9877A3}.Debug|x86.ActiveCfg = Debug|Win32
		{7CC2D73A-B9AA-4DEF-B33B-95E02C9877A3}.Debug|x86.Build.0 = Debug|Win32
		{7CC2D73A-B9AA-4DEF-B33B-95E02C9877A3}.Release|x64.ActiveCfg = Release|x64
		{7CC2D73A-B9AA-4DEF-B33B-95E02C9877A3}.Release|x64.Build.0 = Release|x64
		{7CC2D73A-B9AA-4DEF-B33B-95E02C9877A3}.Release|x86.ActiveCfg = Release|Win32
		{7CC2D73A-B9AA-4DEF-B33B-95E02C9877A3}.Release|x86.Build.0 = Release|Win32
		{A67572FC-66CF-42B0-9E57-F6B12FB33428}.Debug|x64.ActiveCfg = Debug|x64
		{A67572FC-66CF-42B0-9E57-F6B12FB33428}.Debug|x64.Build.0 = Debug|x64
		{A67572FC-66CF-42B0-9E57-F6B12FB33428}.Debug|x86.ActiveCfg = Debug|Win32
		{A67572FC-66CF-42B0-9E57-F6B12FB33428}.Debug|x86.Build.0 = Debug|Win32
		{A67572FC-66CF-42B0-9E57-F6B12FB33428}.Release|x64.ActiveCfg = Release|x64
		{A67572FC-66CF-42B0-9E57-F6B12FB33428}.Release|x64.Build.0 = Release|x64
		{A67572FC-66CF-42B0-9E57-F6B12FB33428}.Release|x86.ActiveCfg = Release|Win32
		{A67572FC-66CF-42B0-9E57-F6B12FB33428}.Release|x86.Build.0 = Release|Win32
		{8E2CD589-1DF5-41F0-A6A8-6E5E91452F53}.Debug|x64.ActiveCfg = Debug|x64
		{8E2CD589-1DF5-41F0-A6A8-6E5E91452F53}.Debug|x64.Build.0 = Debug|x64
		{8E2CD589-1DF5-41F0-A6A8-6E5E91452F53}.Debug|x86.ActiveCfg = Debug|Win32
		{8E2CD589-1DF5-41F0-A6A8-6E5E91452F53}.Debug|x86.Build.0 = Debug|Win32
		{8E2CD589-1DF5-41F0-A6A8-6E5E91452F53}.Release|x64.ActiveCfg = Release|x64
		{8E2CD589-1DF5-41F0-A6A8-6E5E91452F53}.Release|x64.Build.0 = Release|x64
		{8E2CD589-1DF5-41F0-A6A8-6E5E91452F53}.Release|x86.ActiveCfg = Release|Win32
		{8E2CD589-1DF5-41F0-A6A8-6E5E91452F53}.Release|x86.Build.0 = Release|Win32
	EndGlobalSection
	GlobalSection(SolutionProperties) = preSolution
		HideSolutionNode = FALSE
	EndGlobalSection
	GlobalSection(ExtensibilityGlobals) = postSolution
		SolutionGuid = {228A0695-5ADF-4C9D-8267-CE45E3A991AD}
	EndGlobalSection
EndGlobal
